
Microsoft Visual Studio Solution File, Format Version 12.00
# Visual Studio Version 16
VisualStudioVersion = 16.0.30503.244
MinimumVisualStudioVersion = 10.0.40219.1
Project("{FAE04EC0-301F-11D3-BF4B-00C04F79EFBC}") = "ImpresionConPrintDocument", "ImpresionConPrintDocument.csproj", "{378AC9B3-D83F-4664-A5E8-FEB7C052F962}"
EndProject
Global
	GlobalSection(SolutionConfigurationPlatforms) = preSolution
		Debug|Any CPU = Debug|Any CPU
		Release|Any CPU = Release|Any CPU
	EndGlobalSection
	GlobalSection(ProjectConfigurationPlatforms) = postSolution
		{378AC9B3-D83F-4664-A5E8-FEB7C052F962}.Debug|Any CPU.ActiveCfg = Debug|Any CPU
		{378AC9B3-D83F-4664-A5E8-FEB7C052F962}.Debug|Any CPU.Build.0 = Debug|Any CPU
		{378AC9B3-D83F-4664-A5E8-FEB7C052F962}.Release|Any CPU.ActiveCfg = Release|Any CPU
		{378AC9B3-D83F-4664-A5E8-FEB7C052F962}.Release|Any CPU.Build.0 = Release|Any CPU
	EndGlobalSection
	GlobalSection(SolutionProperties) = preSolution
		HideSolutionNode = FALSE
	EndGlobalSection
	GlobalSection(ExtensibilityGlobals) = postSolution
		SolutionGuid = {E3DEDCBF-191F-4C87-91D8-86AC8AD67247}
	EndGlobalSection
EndGlobal
